
Microsoft Visual Studio Solution File, Format Version 12.00
# Visual Studio Version 17
VisualStudioVersion = 17.9.34728.123
MinimumVisualStudioVersion = 10.0.40219.1
Project("{9A19103F-16F7-4668-BE54-9A1E7A4F7556}") = "DeathDartOfGlorySeasonOne", "DeathDartOfGlorySeasonOne.csproj", "{2CA18349-47AA-4AD7-93BF-6BCBD176515F}"
EndProject
Global
	GlobalSection(SolutionConfigurationPlatforms) = preSolution
		Debug|Any CPU = Debug|Any CPU
		Release|Any CPU = Release|Any CPU
	EndGlobalSection
	GlobalSection(ProjectConfigurationPlatforms) = postSolution
		{2CA18349-47AA-4AD7-93BF-6BCBD176515F}.Debug|Any CPU.ActiveCfg = Debug|Any CPU
		{2CA18349-47AA-4AD7-93BF-6BCBD176515F}.Debug|Any CPU.Build.0 = Debug|Any CPU
		{2CA18349-47AA-4AD7-93BF-6BCBD176515F}.Release|Any CPU.ActiveCfg = Release|Any CPU
		{2CA18349-47AA-4AD7-93BF-6BCBD176515F}.Release|Any CPU.Build.0 = Release|Any CPU
	EndGlobalSection
	GlobalSection(SolutionProperties) = preSolution
		HideSolutionNode = FALSE
	EndGlobalSection
	GlobalSection(ExtensibilityGlobals) = postSolution
		SolutionGuid = {7BF47FDD-84B8-4705-BC5F-56541D8166B6}
	EndGlobalSection
EndGlobal
